
Microsoft Visual Studio Solution File, Format Version 12.00
# Visual Studio Version 17
VisualStudioVersion = 17.8.34330.188
MinimumVisualStudioVersion = 10.0.40219.1
Project("{FAE04EC0-301F-11D3-BF4B-00C04F79EFBC}") = "Zadanie2", "Zadanie2\Zadanie2.csproj", "{815A451E-6DA6-4D4D-857E-42606992D7BA}"
EndProject
Global
	GlobalSection(SolutionConfigurationPlatforms) = preSolution
		Debug|Any CPU = Debug|Any CPU
		Release|Any CPU = Release|Any CPU
	EndGlobalSection
	GlobalSection(ProjectConfigurationPlatforms) = postSolution
		{815A451E-6DA6-4D4D-857E-42606992D7BA}.Debug|Any CPU.ActiveCfg = Debug|Any CPU
		{815A451E-6DA6-4D4D-857E-42606992D7BA}.Debug|Any CPU.Build.0 = Debug|Any CPU
		{815A451E-6DA6-4D4D-857E-42606992D7BA}.Release|Any CPU.ActiveCfg = Release|Any CPU
		{815A451E-6DA6-4D4D-857E-42606992D7BA}.Release|Any CPU.Build.0 = Release|Any CPU
	EndGlobalSection
	GlobalSection(SolutionProperties) = preSolution
		HideSolutionNode = FALSE
	EndGlobalSection
	GlobalSection(ExtensibilityGlobals) = postSolution
		SolutionGuid = {BB5A9CE1-14E2-4E3A-BD6B-096087D1F8D1}
	EndGlobalSection
EndGlobal
